
Microsoft Visual Studio Solution File, Format Version 12.00
# Visual Studio 2015
Project("{FAE04EC0-301F-11D3-BF4B-00C04F79EFBC}") = "CombatJets.CSharp.Plugins", "CombatJets.CSharp.Plugins.csproj", "{951F8333-8685-3EC3-A427-757B66AAEC18}"
EndProject
Project("{FAE04EC0-301F-11D3-BF4B-00C04F79EFBC}") = "CombatJets.CSharp", "CombatJets.CSharp.csproj", "{23EE0ADC-1B4D-C762-1725-987B270F90C8}"
EndProject
Global
	GlobalSection(SolutionConfigurationPlatforms) = preSolution
		Debug|Any CPU = Debug|Any CPU
		Release|Any CPU = Release|Any CPU
	EndGlobalSection
	GlobalSection(ProjectConfigurationPlatforms) = postSolution
		{951F8333-8685-3EC3-A427-757B66AAEC18}.Debug|Any CPU.ActiveCfg = Debug|Any CPU
		{951F8333-8685-3EC3-A427-757B66AAEC18}.Debug|Any CPU.Build.0 = Debug|Any CPU
		{951F8333-8685-3EC3-A427-757B66AAEC18}.Release|Any CPU.ActiveCfg = Release|Any CPU
		{951F8333-8685-3EC3-A427-757B66AAEC18}.Release|Any CPU.Build.0 = Release|Any CPU
		{23EE0ADC-1B4D-C762-1725-987B270F90C8}.Debug|Any CPU.ActiveCfg = Debug|Any CPU
		{23EE0ADC-1B4D-C762-1725-987B270F90C8}.Debug|Any CPU.Build.0 = Debug|Any CPU
		{23EE0ADC-1B4D-C762-1725-987B270F90C8}.Release|Any CPU.ActiveCfg = Release|Any CPU
		{23EE0ADC-1B4D-C762-1725-987B270F90C8}.Release|Any CPU.Build.0 = Release|Any CPU
	EndGlobalSection
	GlobalSection(SolutionProperties) = preSolution
		HideSolutionNode = FALSE
	EndGlobalSection
EndGlobal
